
Microsoft Visual Studio Solution File, Format Version 12.00
# Visual Studio Version 17
VisualStudioVersion = 17.5.002.0
MinimumVisualStudioVersion = 10.0.40219.1
Project("{9A19103F-16F7-4668-BE54-9A1E7A4F7556}") = "ArryMax", "ArryMax.csproj", "{C54F5A87-9A74-49C1-A7B7-D445FEB54ACA}"
EndProject
Global
	GlobalSection(SolutionConfigurationPlatforms) = preSolution
		Debug|Any CPU = Debug|Any CPU
		Release|Any CPU = Release|Any CPU
	EndGlobalSection
	GlobalSection(ProjectConfigurationPlatforms) = postSolution
		{C54F5A87-9A74-49C1-A7B7-D445FEB54ACA}.Debug|Any CPU.ActiveCfg = Debug|Any CPU
		{C54F5A87-9A74-49C1-A7B7-D445FEB54ACA}.Debug|Any CPU.Build.0 = Debug|Any CPU
		{C54F5A87-9A74-49C1-A7B7-D445FEB54ACA}.Release|Any CPU.ActiveCfg = Release|Any CPU
		{C54F5A87-9A74-49C1-A7B7-D445FEB54ACA}.Release|Any CPU.Build.0 = Release|Any CPU
	EndGlobalSection
	GlobalSection(SolutionProperties) = preSolution
		HideSolutionNode = FALSE
	EndGlobalSection
	GlobalSection(ExtensibilityGlobals) = postSolution
		SolutionGuid = {84DF3629-11FD-484D-9F43-789B23A09AE2}
	EndGlobalSection
EndGlobal
